{
  "version": 4,
  "terraform_version": "1.3.2",
  "serial": 9,
  "lineage": "316a78e8-a9dc-f298-f4b4-7c62f303aaba",
  "outputs": {},
  "resources": [
    {
      "mode": "managed",
      "type": "azurerm_network_security_group",
      "name": "nsg",
      "provider": "provider[\"registry.terraform.io/hashicorp/azurerm\"]",
      "instances": [
        {
          "schema_version": 0,
          "attributes": {
            "id": "/subscriptions/39ab92ff-809e-4faf-bc99-93c54eb784ac/resourceGroups/defaultrgp/providers/Microsoft.Network/networkSecurityGroups/mynsg",
            "location": "eastus",
            "name": "mynsg",
            "resource_group_name": "defaultrgp",
            "security_rule": [],
            "tags": null,
            "timeouts": null
          },
          "sensitive_attributes": [],
          "private": "eyJlMmJmYjczMC1lY2FhLTExZTYtOGY4OC0zNDM2M2JjN2M0YzAiOnsiY3JlYXRlIjoxODAwMDAwMDAwMDAwLCJkZWxldGUiOjE4MDAwMDAwMDAwMDAsInJlYWQiOjMwMDAwMDAwMDAwMCwidXBkYXRlIjoxODAwMDAwMDAwMDAwfX0=",
          "dependencies": [
            "azurerm_resource_group.rgroup_name"
          ]
        }
      ]
    },
    {
      "mode": "managed",
      "type": "azurerm_resource_group",
      "name": "rgroup_name",
      "provider": "provider[\"registry.terraform.io/hashicorp/azurerm\"]",
      "instances": [
        {
          "schema_version": 0,
          "attributes": {
            "id": "/subscriptions/39ab92ff-809e-4faf-bc99-93c54eb784ac/resourceGroups/defaultrgp",
            "location": "eastus",
            "name": "defaultrgp",
            "tags": null,
            "timeouts": null
          },
          "sensitive_attributes": [],
          "private": "eyJlMmJmYjczMC1lY2FhLTExZTYtOGY4OC0zNDM2M2JjN2M0YzAiOnsiY3JlYXRlIjo1NDAwMDAwMDAwMDAwLCJkZWxldGUiOjU0MDAwMDAwMDAwMDAsInJlYWQiOjMwMDAwMDAwMDAwMCwidXBkYXRlIjo1NDAwMDAwMDAwMDAwfX0="
        }
      ]
    },
    {
      "mode": "managed",
      "type": "azurerm_virtual_network",
      "name": "myvnet",
      "provider": "provider[\"registry.terraform.io/hashicorp/azurerm\"]",
      "instances": [
        {
          "schema_version": 0,
          "attributes": {
            "address_space": [
              "10.0.0.0/16"
            ],
            "bgp_community": "",
            "ddos_protection_plan": [],
            "dns_servers": [],
            "edge_zone": "",
            "flow_timeout_in_minutes": 0,
            "guid": "bb8eb8ff-0522-4bf6-80c5-14f48ef627f4",
            "id": "/subscriptions/39ab92ff-809e-4faf-bc99-93c54eb784ac/resourceGroups/defaultrgp/providers/Microsoft.Network/virtualNetworks/myvnet",
            "location": "eastus",
            "name": "myvnet",
            "resource_group_name": "defaultrgp",
            "subnet": [
              {
                "address_prefix": "10.0.1.0/24",
                "id": "/subscriptions/39ab92ff-809e-4faf-bc99-93c54eb784ac/resourceGroups/defaultrgp/providers/Microsoft.Network/virtualNetworks/myvnet/subnets/subnet1",
                "name": "subnet1",
                "security_group": ""
              },
              {
                "address_prefix": "10.0.2.0/24",
                "id": "/subscriptions/39ab92ff-809e-4faf-bc99-93c54eb784ac/resourceGroups/defaultrgp/providers/Microsoft.Network/virtualNetworks/myvnet/subnets/subnet2",
                "name": "subnet2",
                "security_group": "/subscriptions/39ab92ff-809e-4faf-bc99-93c54eb784ac/resourceGroups/defaultrgp/providers/Microsoft.Network/networkSecurityGroups/mynsg"
              }
            ],
            "tags": {
              "environment": "Production"
            },
            "timeouts": null
          },
          "sensitive_attributes": [],
          "private": "eyJlMmJmYjczMC1lY2FhLTExZTYtOGY4OC0zNDM2M2JjN2M0YzAiOnsiY3JlYXRlIjoxODAwMDAwMDAwMDAwLCJkZWxldGUiOjE4MDAwMDAwMDAwMDAsInJlYWQiOjMwMDAwMDAwMDAwMCwidXBkYXRlIjoxODAwMDAwMDAwMDAwfX0=",
          "dependencies": [
            "azurerm_network_security_group.nsg",
            "azurerm_resource_group.rgroup_name"
          ]
        }
      ]
    }
  ],
  "check_results": []
}
